
Microsoft Visual Studio Solution File, Format Version 12.00
# Visual Studio Version 17
VisualStudioVersion = 17.10.35201.131
MinimumVisualStudioVersion = 10.0.40219.1
Project("{2150E333-8FDC-42A3-9474-1A3956D46DE8}") = "Tests", "Tests", "{8404E50B-184B-4008-852C-FAFA7B2E87D9}"
EndProject
Project("{2150E333-8FDC-42A3-9474-1A3956D46DE8}") = "KermanBatterySellerTest", "KermanBatterySellerTest", "{E4C6F354-2B85-4B91-BDED-85C306770975}"
EndProject
Project("{9A19103F-16F7-4668-BE54-9A1E7A4F7556}") = "KermanBatterSeller.UnitTest", "KermanBatterSeller.UnitTest\KermanBatterSeller.UnitTest.csproj", "{A8825AAA-EFF1-41B4-8B6A-9432AB919881}"
EndProject
Project("{9A19103F-16F7-4668-BE54-9A1E7A4F7556}") = "KBA.Farmework", "KBA.Farmework\KBA.Farmework.csproj", "{701C1210-3AC3-4D83-8122-5A8B75CF64FC}"
EndProject
Project("{9A19103F-16F7-4668-BE54-9A1E7A4F7556}") = "KBA.SellerApplication", "KBA.SellerApplication\KBA.SellerApplication.csproj", "{B47855C2-1C5C-4A91-9591-496D99A287C0}"
EndProject
Project("{9A19103F-16F7-4668-BE54-9A1E7A4F7556}") = "KBA.SellerApplication.Contract", "KBA.SellerApplication.Contract\KBA.SellerApplication.Contract.csproj", "{1C538C97-57FD-4057-AE6D-350558613D44}"
EndProject
Project("{9A19103F-16F7-4668-BE54-9A1E7A4F7556}") = "KBA.SellerConfiguration", "KBA.SellerConfiguration\KBA.SellerConfiguration.csproj", "{ECB10382-AAE0-478E-A360-40DD2521C52D}"
EndProject
Project("{9A19103F-16F7-4668-BE54-9A1E7A4F7556}") = "KBA.Domain", "KBA.Domain\KBA.Domain.csproj", "{45DCA8AF-D256-4AA4-A6B8-AD84DD237D47}"
EndProject
Project("{9A19103F-16F7-4668-BE54-9A1E7A4F7556}") = "KBA.SellerInfrastructure", "KBA.SellerInfrastructure\KBA.SellerInfrastructure.csproj", "{ED814F5A-DA86-4452-886E-3647D477BB88}"
EndProject
Project("{9A19103F-16F7-4668-BE54-9A1E7A4F7556}") = "KBA.SellerWebApi", "KBA.SellerWebApi\KBA.SellerWebApi.csproj", "{31B3A295-44F5-4E53-A281-B319FB2EE943}"
EndProject
Project("{9A19103F-16F7-4668-BE54-9A1E7A4F7556}") = "KBA.SellerWeb", "KBA.SellerWeb\KBA.SellerWeb.csproj", "{1E6D4102-FAE3-44C6-BC55-2790EAC2C81E}"
EndProject
Global
	GlobalSection(SolutionConfigurationPlatforms) = preSolution
		Debug|Any CPU = Debug|Any CPU
		Release|Any CPU = Release|Any CPU
	EndGlobalSection
	GlobalSection(ProjectConfigurationPlatforms) = postSolution
		{A8825AAA-EFF1-41B4-8B6A-9432AB919881}.Debug|Any CPU.ActiveCfg = Debug|Any CPU
		{A8825AAA-EFF1-41B4-8B6A-9432AB919881}.Debug|Any CPU.Build.0 = Debug|Any CPU
		{A8825AAA-EFF1-41B4-8B6A-9432AB919881}.Release|Any CPU.ActiveCfg = Release|Any CPU
		{A8825AAA-EFF1-41B4-8B6A-9432AB919881}.Release|Any CPU.Build.0 = Release|Any CPU
		{701C1210-3AC3-4D83-8122-5A8B75CF64FC}.Debug|Any CPU.ActiveCfg = Debug|Any CPU
		{701C1210-3AC3-4D83-8122-5A8B75CF64FC}.Debug|Any CPU.Build.0 = Debug|Any CPU
		{701C1210-3AC3-4D83-8122-5A8B75CF64FC}.Release|Any CPU.ActiveCfg = Release|Any CPU
		{701C1210-3AC3-4D83-8122-5A8B75CF64FC}.Release|Any CPU.Build.0 = Release|Any CPU
		{B47855C2-1C5C-4A91-9591-496D99A287C0}.Debug|Any CPU.ActiveCfg = Debug|Any CPU
		{B47855C2-1C5C-4A91-9591-496D99A287C0}.Debug|Any CPU.Build.0 = Debug|Any CPU
		{B47855C2-1C5C-4A91-9591-496D99A287C0}.Release|Any CPU.ActiveCfg = Release|Any CPU
		{B47855C2-1C5C-4A91-9591-496D99A287C0}.Release|Any CPU.Build.0 = Release|Any CPU
		{1C538C97-57FD-4057-AE6D-350558613D44}.Debug|Any CPU.ActiveCfg = Debug|Any CPU
		{1C538C97-57FD-4057-AE6D-350558613D44}.Debug|Any CPU.Build.0 = Debug|Any CPU
		{1C538C97-57FD-4057-AE6D-350558613D44}.Release|Any CPU.ActiveCfg = Release|Any CPU
		{1C538C97-57FD-4057-AE6D-350558613D44}.Release|Any CPU.Build.0 = Release|Any CPU
		{ECB10382-AAE0-478E-A360-40DD2521C52D}.Debug|Any CPU.ActiveCfg = Debug|Any CPU
		{ECB10382-AAE0-478E-A360-40DD2521C52D}.Debug|Any CPU.Build.0 = Debug|Any CPU
		{ECB10382-AAE0-478E-A360-40DD2521C52D}.Release|Any CPU.ActiveCfg = Release|Any CPU
		{ECB10382-AAE0-478E-A360-40DD2521C52D}.Release|Any CPU.Build.0 = Release|Any CPU
		{45DCA8AF-D256-4AA4-A6B8-AD84DD237D47}.Debug|Any CPU.ActiveCfg = Debug|Any CPU
		{45DCA8AF-D256-4AA4-A6B8-AD84DD237D47}.Debug|Any CPU.Build.0 = Debug|Any CPU
		{45DCA8AF-D256-4AA4-A6B8-AD84DD237D47}.Release|Any CPU.ActiveCfg = Release|Any CPU
		{45DCA8AF-D256-4AA4-A6B8-AD84DD237D47}.Release|Any CPU.Build.0 = Release|Any CPU
		{ED814F5A-DA86-4452-886E-3647D477BB88}.Debug|Any CPU.ActiveCfg = Debug|Any CPU
		{ED814F5A-DA86-4452-886E-3647D477BB88}.Debug|Any CPU.Build.0 = Debug|Any CPU
		{ED814F5A-DA86-4452-886E-3647D477BB88}.Release|Any CPU.ActiveCfg = Release|Any CPU
		{ED814F5A-DA86-4452-886E-3647D477BB88}.Release|Any CPU.Build.0 = Release|Any CPU
		{31B3A295-44F5-4E53-A281-B319FB2EE943}.Debug|Any CPU.ActiveCfg = Debug|Any CPU
		{31B3A295-44F5-4E53-A281-B319FB2EE943}.Debug|Any CPU.Build.0 = Debug|Any CPU
		{31B3A295-44F5-4E53-A281-B319FB2EE943}.Release|Any CPU.ActiveCfg = Release|Any CPU
		{31B3A295-44F5-4E53-A281-B319FB2EE943}.Release|Any CPU.Build.0 = Release|Any CPU
		{1E6D4102-FAE3-44C6-BC55-2790EAC2C81E}.Debug|Any CPU.ActiveCfg = Debug|Any CPU
		{1E6D4102-FAE3-44C6-BC55-2790EAC2C81E}.Debug|Any CPU.Build.0 = Debug|Any CPU
		{1E6D4102-FAE3-44C6-BC55-2790EAC2C81E}.Release|Any CPU.ActiveCfg = Release|Any CPU
		{1E6D4102-FAE3-44C6-BC55-2790EAC2C81E}.Release|Any CPU.Build.0 = Release|Any CPU
	EndGlobalSection
	GlobalSection(SolutionProperties) = preSolution
		HideSolutionNode = FALSE
	EndGlobalSection
	GlobalSection(NestedProjects) = preSolution
		{E4C6F354-2B85-4B91-BDED-85C306770975} = {8404E50B-184B-4008-852C-FAFA7B2E87D9}
		{A8825AAA-EFF1-41B4-8B6A-9432AB919881} = {E4C6F354-2B85-4B91-BDED-85C306770975}
	EndGlobalSection
	GlobalSection(ExtensibilityGlobals) = postSolution
		SolutionGuid = {8FA0F19A-F8F4-4B77-AF92-C4F5C0882596}
	EndGlobalSection
EndGlobal
